
Microsoft Visual Studio Solution File, Format Version 12.00
# Visual Studio Version 16
VisualStudioVersion = 16.0.31005.135
MinimumVisualStudioVersion = 10.0.40219.1
Project("{9A19103F-16F7-4668-BE54-9A1E7A4F7556}") = "KampIntro", "KampIntro\KampIntro.csproj", "{511BBE41-C038-40AF-AF77-4A7DE5D4C128}"
EndProject
Project("{9A19103F-16F7-4668-BE54-9A1E7A4F7556}") = "Metotlar", "Metotlar\Metotlar.csproj", "{9FC00EDF-DC50-45AE-B314-9A316B41E4A0}"
EndProject
Project("{9A19103F-16F7-4668-BE54-9A1E7A4F7556}") = "Matematik", "Matematik\Matematik.csproj", "{53E59152-BCD4-4FB4-8FBC-52AC4389A5A0}"
EndProject
Project("{9A19103F-16F7-4668-BE54-9A1E7A4F7556}") = "DegerVeReferansTipler", "DegerVeReferansTipler\DegerVeReferansTipler.csproj", "{334746B7-72B8-42E9-A5EB-2AC888BFD99A}"
EndProject
Project("{9A19103F-16F7-4668-BE54-9A1E7A4F7556}") = "OOP1", "OOP1\OOP1.csproj", "{F6AD8703-171C-4F52-93CF-5D42CDB68C77}"
EndProject
Project("{9A19103F-16F7-4668-BE54-9A1E7A4F7556}") = "Koleksiyonlar", "Koleksiyonlar\Koleksiyonlar.csproj", "{FD18E433-06D1-445A-8AE3-3A7BFFD081A1}"
EndProject
Project("{9A19103F-16F7-4668-BE54-9A1E7A4F7556}") = "GenericsIntro", "GenericsIntro\GenericsIntro.csproj", "{B7B39652-0946-46CF-8498-813751689BF3}"
EndProject
Project("{FAE04EC0-301F-11D3-BF4B-00C04F79EFBC}") = "OOP2", "OOP2\OOP2.csproj", "{F4DAD7B2-E441-4613-8094-995C73BB0FF1}"
EndProject
Global
	GlobalSection(SolutionConfigurationPlatforms) = preSolution
		Debug|Any CPU = Debug|Any CPU
		Release|Any CPU = Release|Any CPU
	EndGlobalSection
	GlobalSection(ProjectConfigurationPlatforms) = postSolution
		{511BBE41-C038-40AF-AF77-4A7DE5D4C128}.Debug|Any CPU.ActiveCfg = Debug|Any CPU
		{511BBE41-C038-40AF-AF77-4A7DE5D4C128}.Debug|Any CPU.Build.0 = Debug|Any CPU
		{511BBE41-C038-40AF-AF77-4A7DE5D4C128}.Release|Any CPU.ActiveCfg = Release|Any CPU
		{511BBE41-C038-40AF-AF77-4A7DE5D4C128}.Release|Any CPU.Build.0 = Release|Any CPU
		{9FC00EDF-DC50-45AE-B314-9A316B41E4A0}.Debug|Any CPU.ActiveCfg = Debug|Any CPU
		{9FC00EDF-DC50-45AE-B314-9A316B41E4A0}.Debug|Any CPU.Build.0 = Debug|Any CPU
		{9FC00EDF-DC50-45AE-B314-9A316B41E4A0}.Release|Any CPU.ActiveCfg = Release|Any CPU
		{9FC00EDF-DC50-45AE-B314-9A316B41E4A0}.Release|Any CPU.Build.0 = Release|Any CPU
		{53E59152-BCD4-4FB4-8FBC-52AC4389A5A0}.Debug|Any CPU.ActiveCfg = Debug|Any CPU
		{53E59152-BCD4-4FB4-8FBC-52AC4389A5A0}.Debug|Any CPU.Build.0 = Debug|Any CPU
		{53E59152-BCD4-4FB4-8FBC-52AC4389A5A0}.Release|Any CPU.ActiveCfg = Release|Any CPU
		{53E59152-BCD4-4FB4-8FBC-52AC4389A5A0}.Release|Any CPU.Build.0 = Release|Any CPU
		{334746B7-72B8-42E9-A5EB-2AC888BFD99A}.Debug|Any CPU.ActiveCfg = Debug|Any CPU
		{334746B7-72B8-42E9-A5EB-2AC888BFD99A}.Debug|Any CPU.Build.0 = Debug|Any CPU
		{334746B7-72B8-42E9-A5EB-2AC888BFD99A}.Release|Any CPU.ActiveCfg = Release|Any CPU
		{334746B7-72B8-42E9-A5EB-2AC888BFD99A}.Release|Any CPU.Build.0 = Release|Any CPU
		{F6AD8703-171C-4F52-93CF-5D42CDB68C77}.Debug|Any CPU.ActiveCfg = Debug|Any CPU
		{F6AD8703-171C-4F52-93CF-5D42CDB68C77}.Debug|Any CPU.Build.0 = Debug|Any CPU
		{F6AD8703-171C-4F52-93CF-5D42CDB68C77}.Release|Any CPU.ActiveCfg = Release|Any CPU
		{F6AD8703-171C-4F52-93CF-5D42CDB68C77}.Release|Any CPU.Build.0 = Release|Any CPU
		{FD18E433-06D1-445A-8AE3-3A7BFFD081A1}.Debug|Any CPU.ActiveCfg = Debug|Any CPU
		{FD18E433-06D1-445A-8AE3-3A7BFFD081A1}.Debug|Any CPU.Build.0 = Debug|Any CPU
		{FD18E433-06D1-445A-8AE3-3A7BFFD081A1}.Release|Any CPU.ActiveCfg = Release|Any CPU
		{FD18E433-06D1-445A-8AE3-3A7BFFD081A1}.Release|Any CPU.Build.0 = Release|Any CPU
		{B7B39652-0946-46CF-8498-813751689BF3}.Debug|Any CPU.ActiveCfg = Debug|Any CPU
		{B7B39652-0946-46CF-8498-813751689BF3}.Debug|Any CPU.Build.0 = Debug|Any CPU
		{B7B39652-0946-46CF-8498-813751689BF3}.Release|Any CPU.ActiveCfg = Release|Any CPU
		{B7B39652-0946-46CF-8498-813751689BF3}.Release|Any CPU.Build.0 = Release|Any CPU
		{F4DAD7B2-E441-4613-8094-995C73BB0FF1}.Debug|Any CPU.ActiveCfg = Debug|Any CPU
		{F4DAD7B2-E441-4613-8094-995C73BB0FF1}.Debug|Any CPU.Build.0 = Debug|Any CPU
		{F4DAD7B2-E441-4613-8094-995C73BB0FF1}.Release|Any CPU.ActiveCfg = Release|Any CPU
		{F4DAD7B2-E441-4613-8094-995C73BB0FF1}.Release|Any CPU.Build.0 = Release|Any CPU
	EndGlobalSection
	GlobalSection(SolutionProperties) = preSolution
		HideSolutionNode = FALSE
	EndGlobalSection
	GlobalSection(ExtensibilityGlobals) = postSolution
		SolutionGuid = {825DF49A-C3A4-4CF3-A67A-AEE51862DBAF}
	EndGlobalSection
EndGlobal
